
Microsoft Visual Studio Solution File, Format Version 12.00
# Visual Studio Version 16
VisualStudioVersion = 16.0.31229.75
MinimumVisualStudioVersion = 10.0.40219.1
Project("{9A19103F-16F7-4668-BE54-9A1E7A4F7556}") = "BuyScout.API", "BuyScout.API\BuyScout.API.csproj", "{98ADCE9D-4CA6-4972-BAF5-1B97957DAD0F}"
EndProject
Project("{9A19103F-16F7-4668-BE54-9A1E7A4F7556}") = "BuyScout.Service", "BuyScout.Service\BuyScout.Service.csproj", "{C835D391-AAC8-48C6-8DA7-4CF04A85E973}"
EndProject
Global
	GlobalSection(SolutionConfigurationPlatforms) = preSolution
		Debug|Any CPU = Debug|Any CPU
		Release|Any CPU = Release|Any CPU
	EndGlobalSection
	GlobalSection(ProjectConfigurationPlatforms) = postSolution
		{98ADCE9D-4CA6-4972-BAF5-1B97957DAD0F}.Debug|Any CPU.ActiveCfg = Debug|Any CPU
		{98ADCE9D-4CA6-4972-BAF5-1B97957DAD0F}.Debug|Any CPU.Build.0 = Debug|Any CPU
		{98ADCE9D-4CA6-4972-BAF5-1B97957DAD0F}.Release|Any CPU.ActiveCfg = Release|Any CPU
		{98ADCE9D-4CA6-4972-BAF5-1B97957DAD0F}.Release|Any CPU.Build.0 = Release|Any CPU
		{C835D391-AAC8-48C6-8DA7-4CF04A85E973}.Debug|Any CPU.ActiveCfg = Debug|Any CPU
		{C835D391-AAC8-48C6-8DA7-4CF04A85E973}.Debug|Any CPU.Build.0 = Debug|Any CPU
		{C835D391-AAC8-48C6-8DA7-4CF04A85E973}.Release|Any CPU.ActiveCfg = Release|Any CPU
		{C835D391-AAC8-48C6-8DA7-4CF04A85E973}.Release|Any CPU.Build.0 = Release|Any CPU
	EndGlobalSection
	GlobalSection(SolutionProperties) = preSolution
		HideSolutionNode = FALSE
	EndGlobalSection
	GlobalSection(ExtensibilityGlobals) = postSolution
		SolutionGuid = {3CF0BC58-82F9-448E-9676-1F132FC6D2C5}
	EndGlobalSection
EndGlobal
